// !$*UTF8*$!
{
	archiveVersion = 1;
	classes = {
	};
	objectVersion = 46;
	objects = {

/* Begin PBXBuildFile section */
		1EC6EE51471114040B7D7D72 /* Pods_PTUITests.framework in Frameworks */ = {isa = PBXBuildFile; fileRef = 9DD9A433AEF0738C53B518BF /* Pods_PTUITests.framework */; };
		1F1B763F0A1EFFE36A64BFA2 /* GenericViewController.swift in Sources */ = {isa = PBXBuildFile; fileRef = 1F1B7D333736D4A132F40245 /* GenericViewController.swift */; };
		1F1B7728B7550CE6B22A8E22 /* ElementItem.swift in Sources */ = {isa = PBXBuildFile; fileRef = 1F1B760361609F76B62AB96F /* ElementItem.swift */; };
		1F1B781F4942E3202B9A7791 /* MainViewController.swift in Sources */ = {isa = PBXBuildFile; fileRef = 1F1B73D7D4F3339D49E4E6CC /* MainViewController.swift */; };
		1F1B786A6CBDCE1593F3FEEA /* ElementItemCell.swift in Sources */ = {isa = PBXBuildFile; fileRef = 1F1B7EC8A369560211950102 /* ElementItemCell.swift */; };
		1F1B7C2558CF3687B26785BB /* data.json in Resources */ = {isa = PBXBuildFile; fileRef = 1F1B74C7CA7346E7C51EEDD3 /* data.json */; };
		1F1B7C446C6676948A86E2A0 /* PeriodicFlowLayout.swift in Sources */ = {isa = PBXBuildFile; fileRef = 1F1B704E9DD137CA3A9EFA5D /* PeriodicFlowLayout.swift */; };
		1F1B7C75775A27FF1E5076E9 /* elements.json in Resources */ = {isa = PBXBuildFile; fileRef = 1F1B702700ABAC85AF676A6D /* elements.json */; };
		1F1B7C77933B69289A77047E /* Color.swift in Sources */ = {isa = PBXBuildFile; fileRef = 1F1B72F2FDE1AF91DA294920 /* Color.swift */; };
		1F1B7F8E551857707AF2C474 /* ElementViewCotroller.swift in Sources */ = {isa = PBXBuildFile; fileRef = 1F1B746A7A730C0F37A42F43 /* ElementViewCotroller.swift */; };
		23CD9839192F9C8488509F66 /* Pods_PTTests.framework in Frameworks */ = {isa = PBXBuildFile; fileRef = 8F97DBF4351BA682EFEB496D /* Pods_PTTests.framework */; };
		26B1A456E5FB87CA789A8AED /* Pods_PT.framework in Frameworks */ = {isa = PBXBuildFile; fileRef = 21E3912D64E4AE359728474C /* Pods_PT.framework */; };
		EA171A861F33B29E00D60B0C /* MarkView.swift in Sources */ = {isa = PBXBuildFile; fileRef = EA171A851F33B29E00D60B0C /* MarkView.swift */; };
		EA171A881F33B2B000D60B0C /* MarkView.xib in Resources */ = {isa = PBXBuildFile; fileRef = EA171A871F33B2B000D60B0C /* MarkView.xib */; };
		EA171A8A1F348D6900D60B0C /* ElementDetailView.xib in Resources */ = {isa = PBXBuildFile; fileRef = EA171A891F348D6900D60B0C /* ElementDetailView.xib */; };
		EA171A8C1F348D7500D60B0C /* ElementDetailView.swift in Sources */ = {isa = PBXBuildFile; fileRef = EA171A8B1F348D7500D60B0C /* ElementDetailView.swift */; };
		EA171A8E1F34AD5E00D60B0C /* ReuseableXibView.swift in Sources */ = {isa = PBXBuildFile; fileRef = EA171A8D1F34AD5E00D60B0C /* ReuseableXibView.swift */; };
		EA171A901F34BB4600D60B0C /* img.jpg in Resources */ = {isa = PBXBuildFile; fileRef = EA171A8F1F34BB4600D60B0C /* img.jpg */; };
		EA2962121F33438A00342560 /* ElementView.xib in Resources */ = {isa = PBXBuildFile; fileRef = EA2962111F33438A00342560 /* ElementView.xib */; };
		EA2962141F33439700342560 /* ElementView.swift in Sources */ = {isa = PBXBuildFile; fileRef = EA2962131F33439700342560 /* ElementView.swift */; };
		EA475B4E1F32245E00EC7BE7 /* AppDelegate.swift in Sources */ = {isa = PBXBuildFile; fileRef = EA475B4D1F32245E00EC7BE7 /* AppDelegate.swift */; };
		EA475B501F32245E00EC7BE7 /* ViewController.swift in Sources */ = {isa = PBXBuildFile; fileRef = EA475B4F1F32245E00EC7BE7 /* ViewController.swift */; };
		EA475B531F32245E00EC7BE7 /* Main.storyboard in Resources */ = {isa = PBXBuildFile; fileRef = EA475B511F32245E00EC7BE7 /* Main.storyboard */; };
		EA475B551F32245E00EC7BE7 /* Assets.xcassets in Resources */ = {isa = PBXBuildFile; fileRef = EA475B541F32245E00EC7BE7 /* Assets.xcassets */; };
		EA475B581F32245E00EC7BE7 /* LaunchScreen.storyboard in Resources */ = {isa = PBXBuildFile; fileRef = EA475B561F32245E00EC7BE7 /* LaunchScreen.storyboard */; };
		EA475B631F32245E00EC7BE7 /* PTTests.swift in Sources */ = {isa = PBXBuildFile; fileRef = EA475B621F32245E00EC7BE7 /* PTTests.swift */; };
		EA475B6E1F32245E00EC7BE7 /* PTUITests.swift in Sources */ = {isa = PBXBuildFile; fileRef = EA475B6D1F32245E00EC7BE7 /* PTUITests.swift */; };
/* End PBXBuildFile section */

/* Begin PBXContainerItemProxy section */
		EA475B5F1F32245E00EC7BE7 /* PBXContainerItemProxy */ = {
			isa = PBXContainerItemProxy;
			containerPortal = EA475B421F32245D00EC7BE7 /* Project object */;
			proxyType = 1;
			remoteGlobalIDString = EA475B491F32245E00EC7BE7;
			remoteInfo = PT;
		};
		EA475B6A1F32245E00EC7BE7 /* PBXContainerItemProxy */ = {
			isa = PBXContainerItemProxy;
			containerPortal = EA475B421F32245D00EC7BE7 /* Project object */;
			proxyType = 1;
			remoteGlobalIDString = EA475B491F32245E00EC7BE7;
			remoteInfo = PT;
		};
/* End PBXContainerItemProxy section */

/* Begin PBXFileReference section */
		176CB4C084E8F3B3AEDCFB9E /* Pods-PTUITests.debug.xcconfig */ = {isa = PBXFileReference; includeInIndex = 1; lastKnownFileType = text.xcconfig; name = "Pods-PTUITests.debug.xcconfig"; path = "Pods/Target Support Files/Pods-PTUITests/Pods-PTUITests.debug.xcconfig"; sourceTree = "<group>"; };
		1F1B702700ABAC85AF676A6D /* elements.json */ = {isa = PBXFileReference; fileEncoding = 4; lastKnownFileType = text.json; path = elements.json; sourceTree = "<group>"; };
		1F1B704E9DD137CA3A9EFA5D /* PeriodicFlowLayout.swift */ = {isa = PBXFileReference; fileEncoding = 4; lastKnownFileType = sourcecode.swift; path = PeriodicFlowLayout.swift; sourceTree = "<group>"; };
		1F1B72F2FDE1AF91DA294920 /* Color.swift */ = {isa = PBXFileReference; fileEncoding = 4; lastKnownFileType = sourcecode.swift; path = Color.swift; sourceTree = "<group>"; };
		1F1B73D7D4F3339D49E4E6CC /* MainViewController.swift */ = {isa = PBXFileReference; fileEncoding = 4; lastKnownFileType = sourcecode.swift; path = MainViewController.swift; sourceTree = "<group>"; };
		1F1B746A7A730C0F37A42F43 /* ElementViewCotroller.swift */ = {isa = PBXFileReference; fileEncoding = 4; lastKnownFileType = sourcecode.swift; path = ElementViewCotroller.swift; sourceTree = "<group>"; };
		1F1B74C7CA7346E7C51EEDD3 /* data.json */ = {isa = PBXFileReference; fileEncoding = 4; lastKnownFileType = text.json; path = data.json; sourceTree = "<group>"; };
		1F1B760361609F76B62AB96F /* ElementItem.swift */ = {isa = PBXFileReference; fileEncoding = 4; lastKnownFileType = sourcecode.swift; path = ElementItem.swift; sourceTree = "<group>"; };
		1F1B7D333736D4A132F40245 /* GenericViewController.swift */ = {isa = PBXFileReference; fileEncoding = 4; lastKnownFileType = sourcecode.swift; path = GenericViewController.swift; sourceTree = "<group>"; };
		1F1B7EC8A369560211950102 /* ElementItemCell.swift */ = {isa = PBXFileReference; fileEncoding = 4; lastKnownFileType = sourcecode.swift; path = ElementItemCell.swift; sourceTree = "<group>"; };
		21E3912D64E4AE359728474C /* Pods_PT.framework */ = {isa = PBXFileReference; explicitFileType = wrapper.framework; includeInIndex = 0; path = Pods_PT.framework; sourceTree = BUILT_PRODUCTS_DIR; };
		347FD4E086EFAAB645DF20B3 /* Pods-PT.release.xcconfig */ = {isa = PBXFileReference; includeInIndex = 1; lastKnownFileType = text.xcconfig; name = "Pods-PT.release.xcconfig"; path = "Pods/Target Support Files/Pods-PT/Pods-PT.release.xcconfig"; sourceTree = "<group>"; };
		6B12A95E99F8F285B34D8B0C /* Pods-PTTests.debug.xcconfig */ = {isa = PBXFileReference; includeInIndex = 1; lastKnownFileType = text.xcconfig; name = "Pods-PTTests.debug.xcconfig"; path = "Pods/Target Support Files/Pods-PTTests/Pods-PTTests.debug.xcconfig"; sourceTree = "<group>"; };
		8F97DBF4351BA682EFEB496D /* Pods_PTTests.framework */ = {isa = PBXFileReference; explicitFileType = wrapper.framework; includeInIndex = 0; path = Pods_PTTests.framework; sourceTree = BUILT_PRODUCTS_DIR; };
		90E8362C3D47930076A21814 /* Pods-PTTests.release.xcconfig */ = {isa = PBXFileReference; includeInIndex = 1; lastKnownFileType = text.xcconfig; name = "Pods-PTTests.release.xcconfig"; path = "Pods/Target Support Files/Pods-PTTests/Pods-PTTests.release.xcconfig"; sourceTree = "<group>"; };
		9DD9A433AEF0738C53B518BF /* Pods_PTUITests.framework */ = {isa = PBXFileReference; explicitFileType = wrapper.framework; includeInIndex = 0; path = Pods_PTUITests.framework; sourceTree = BUILT_PRODUCTS_DIR; };
		A58E785A9CC79FAFF2B43589 /* Pods-PTUITests.release.xcconfig */ = {isa = PBXFileReference; includeInIndex = 1; lastKnownFileType = text.xcconfig; name = "Pods-PTUITests.release.xcconfig"; path = "Pods/Target Support Files/Pods-PTUITests/Pods-PTUITests.release.xcconfig"; sourceTree = "<group>"; };
		DC7AF68BF6FF2EE2973F0ACF /* Pods-PT.debug.xcconfig */ = {isa = PBXFileReference; includeInIndex = 1; lastKnownFileType = text.xcconfig; name = "Pods-PT.debug.xcconfig"; path = "Pods/Target Support Files/Pods-PT/Pods-PT.debug.xcconfig"; sourceTree = "<group>"; };
		EA171A851F33B29E00D60B0C /* MarkView.swift */ = {isa = PBXFileReference; fileEncoding = 4; lastKnownFileType = sourcecode.swift; path = MarkView.swift; sourceTree = "<group>"; };
		EA171A871F33B2B000D60B0C /* MarkView.xib */ = {isa = PBXFileReference; fileEncoding = 4; lastKnownFileType = file.xib; path = MarkView.xib; sourceTree = "<group>"; };
		EA171A891F348D6900D60B0C /* ElementDetailView.xib */ = {isa = PBXFileReference; fileEncoding = 4; lastKnownFileType = file.xib; path = ElementDetailView.xib; sourceTree = "<group>"; };
		EA171A8B1F348D7500D60B0C /* ElementDetailView.swift */ = {isa = PBXFileReference; fileEncoding = 4; lastKnownFileType = sourcecode.swift; path = ElementDetailView.swift; sourceTree = "<group>"; };
		EA171A8D1F34AD5E00D60B0C /* ReuseableXibView.swift */ = {isa = PBXFileReference; fileEncoding = 4; lastKnownFileType = sourcecode.swift; path = ReuseableXibView.swift; sourceTree = "<group>"; };
		EA171A8F1F34BB4600D60B0C /* img.jpg */ = {isa = PBXFileReference; lastKnownFileType = image.jpeg; path = img.jpg; sourceTree = "<group>"; };
		EA2962111F33438A00342560 /* ElementView.xib */ = {isa = PBXFileReference; fileEncoding = 4; lastKnownFileType = file.xib; path = ElementView.xib; sourceTree = "<group>"; };
		EA2962131F33439700342560 /* ElementView.swift */ = {isa = PBXFileReference; fileEncoding = 4; lastKnownFileType = sourcecode.swift; path = ElementView.swift; sourceTree = "<group>"; };
		EA475B4A1F32245E00EC7BE7 /* PT.app */ = {isa = PBXFileReference; explicitFileType = wrapper.application; includeInIndex = 0; path = PT.app; sourceTree = BUILT_PRODUCTS_DIR; };
		EA475B4D1F32245E00EC7BE7 /* AppDelegate.swift */ = {isa = PBXFileReference; lastKnownFileType = sourcecode.swift; path = AppDelegate.swift; sourceTree = "<group>"; };
		EA475B4F1F32245E00EC7BE7 /* ViewController.swift */ = {isa = PBXFileReference; lastKnownFileType = sourcecode.swift; path = ViewController.swift; sourceTree = "<group>"; };
		EA475B521F32245E00EC7BE7 /* Base */ = {isa = PBXFileReference; lastKnownFileType = file.storyboard; name = Base; path = Base.lproj/Main.storyboard; sourceTree = "<group>"; };
		EA475B541F32245E00EC7BE7 /* Assets.xcassets */ = {isa = PBXFileReference; lastKnownFileType = folder.assetcatalog; path = Assets.xcassets; sourceTree = "<group>"; };
		EA475B571F32245E00EC7BE7 /* Base */ = {isa = PBXFileReference; lastKnownFileType = file.storyboard; name = Base; path = Base.lproj/LaunchScreen.storyboard; sourceTree = "<group>"; };
		EA475B591F32245E00EC7BE7 /* Info.plist */ = {isa = PBXFileReference; lastKnownFileType = text.plist.xml; path = Info.plist; sourceTree = "<group>"; };
		EA475B5E1F32245E00EC7BE7 /* PTTests.xctest */ = {isa = PBXFileReference; explicitFileType = wrapper.cfbundle; includeInIndex = 0; path = PTTests.xctest; sourceTree = BUILT_PRODUCTS_DIR; };
		EA475B621F32245E00EC7BE7 /* PTTests.swift */ = {isa = PBXFileReference; lastKnownFileType = sourcecode.swift; path = PTTests.swift; sourceTree = "<group>"; };
		EA475B641F32245E00EC7BE7 /* Info.plist */ = {isa = PBXFileReference; lastKnownFileType = text.plist.xml; path = Info.plist; sourceTree = "<group>"; };
		EA475B691F32245E00EC7BE7 /* PTUITests.xctest */ = {isa = PBXFileReference; explicitFileType = wrapper.cfbundle; includeInIndex = 0; path = PTUITests.xctest; sourceTree = BUILT_PRODUCTS_DIR; };
		EA475B6D1F32245E00EC7BE7 /* PTUITests.swift */ = {isa = PBXFileReference; lastKnownFileType = sourcecode.swift; path = PTUITests.swift; sourceTree = "<group>"; };
		EA475B6F1F32245E00EC7BE7 /* Info.plist */ = {isa = PBXFileReference; lastKnownFileType = text.plist.xml; path = Info.plist; sourceTree = "<group>"; };
/* End PBXFileReference section */

/* Begin PBXFrameworksBuildPhase section */
		EA475B471F32245E00EC7BE7 /* Frameworks */ = {
			isa = PBXFrameworksBuildPhase;
			buildActionMask = 2147483647;
			files = (
				26B1A456E5FB87CA789A8AED /* Pods_PT.framework in Frameworks */,
			);
			runOnlyForDeploymentPostprocessing = 0;
		};
		EA475B5B1F32245E00EC7BE7 /* Frameworks */ = {
			isa = PBXFrameworksBuildPhase;
			buildActionMask = 2147483647;
			files = (
				23CD9839192F9C8488509F66 /* Pods_PTTests.framework in Frameworks */,
			);
			runOnlyForDeploymentPostprocessing = 0;
		};
		EA475B661F32245E00EC7BE7 /* Frameworks */ = {
			isa = PBXFrameworksBuildPhase;
			buildActionMask = 2147483647;
			files = (
				1EC6EE51471114040B7D7D72 /* Pods_PTUITests.framework in Frameworks */,
			);
			runOnlyForDeploymentPostprocessing = 0;
		};
/* End PBXFrameworksBuildPhase section */

/* Begin PBXGroup section */
		086290B36C78D30DBB626401 /* Frameworks */ = {
			isa = PBXGroup;
			children = (
				21E3912D64E4AE359728474C /* Pods_PT.framework */,
				8F97DBF4351BA682EFEB496D /* Pods_PTTests.framework */,
				9DD9A433AEF0738C53B518BF /* Pods_PTUITests.framework */,
			);
			name = Frameworks;
			sourceTree = "<group>";
		};
		1F1B70F39F7EA65C9091758B /* Resources */ = {
			isa = PBXGroup;
			children = (
				1F1B7B7F2124CC4214575B6B /* Files */,
				1F1B78B7D374A6253DEA6C24 /* Images */,
			);
			name = Resources;
			path = Presentation/Cell/Resources;
			sourceTree = "<group>";
		};
		1F1B73B4D16428E4593AF323 /* ViewController */ = {
			isa = PBXGroup;
			children = (
				1F1B73D7D4F3339D49E4E6CC /* MainViewController.swift */,
				1F1B746A7A730C0F37A42F43 /* ElementViewCotroller.swift */,
				1F1B7D333736D4A132F40245 /* GenericViewController.swift */,
			);
			path = ViewController;
			sourceTree = "<group>";
		};
		1F1B7540BC22CB632DB2E4D9 /* Cell */ = {
			isa = PBXGroup;
			children = (
				1F1B7D00051FFB5187F261ED /* Collection */,
				1F1B76171DE3A577B1C7A3AD /* Table */,
			);
			path = Cell;
			sourceTree = "<group>";
		};
		1F1B76171DE3A577B1C7A3AD /* Table */ = {
			isa = PBXGroup;
			children = (
			);
			path = Table;
			sourceTree = "<group>";
		};
		1F1B78B7D374A6253DEA6C24 /* Images */ = {
			isa = PBXGroup;
			children = (
				EA171A8F1F34BB4600D60B0C /* img.jpg */,
			);
			path = Images;
			sourceTree = "<group>";
		};
		1F1B7B7F2124CC4214575B6B /* Files */ = {
			isa = PBXGroup;
			children = (
				1F1B702700ABAC85AF676A6D /* elements.json */,
				1F1B74C7CA7346E7C51EEDD3 /* data.json */,
			);
			path = Files;
			sourceTree = "<group>";
		};
		1F1B7D00051FFB5187F261ED /* Collection */ = {
			isa = PBXGroup;
			children = (
				1F1B7EC8A369560211950102 /* ElementItemCell.swift */,
			);
			path = Collection;
			sourceTree = "<group>";
		};
		1F1B7D05FDFFA60F9BE759DE /* Custom */ = {
			isa = PBXGroup;
			children = (
				EA2962111F33438A00342560 /* ElementView.xib */,
				EA2962131F33439700342560 /* ElementView.swift */,
				EA171A871F33B2B000D60B0C /* MarkView.xib */,
				EA171A851F33B29E00D60B0C /* MarkView.swift */,
				EA171A891F348D6900D60B0C /* ElementDetailView.xib */,
				EA171A8B1F348D7500D60B0C /* ElementDetailView.swift */,
				EA171A8D1F34AD5E00D60B0C /* ReuseableXibView.swift */,
			);
			path = Custom;
			sourceTree = "<group>";
		};
		1F1B7D3F69DF6BDF14C12802 /* Layout */ = {
			isa = PBXGroup;
			children = (
				1F1B704E9DD137CA3A9EFA5D /* PeriodicFlowLayout.swift */,
			);
			path = Layout;
			sourceTree = "<group>";
		};
		1F1B7DC9B5CB52D73CF41ED8 /* Data */ = {
			isa = PBXGroup;
			children = (
				1F1B760361609F76B62AB96F /* ElementItem.swift */,
			);
			path = Data;
			sourceTree = "<group>";
		};
		1F1B7E5133EFC2AC29747C96 /* Presentation */ = {
			isa = PBXGroup;
			children = (
				1F1B73B4D16428E4593AF323 /* ViewController */,
				1F1B7540BC22CB632DB2E4D9 /* Cell */,
				1F1B7D3F69DF6BDF14C12802 /* Layout */,
				1F1B7D05FDFFA60F9BE759DE /* Custom */,
			);
			path = Presentation;
			sourceTree = "<group>";
		};
		1F1B7FF73D3004EF5EB1D612 /* Category */ = {
			isa = PBXGroup;
			children = (
				1F1B72F2FDE1AF91DA294920 /* Color.swift */,
			);
			path = Category;
			sourceTree = "<group>";
		};
		66D7F11919CFD6272DE985C3 /* Pods */ = {
			isa = PBXGroup;
			children = (
				DC7AF68BF6FF2EE2973F0ACF /* Pods-PT.debug.xcconfig */,
				347FD4E086EFAAB645DF20B3 /* Pods-PT.release.xcconfig */,
				6B12A95E99F8F285B34D8B0C /* Pods-PTTests.debug.xcconfig */,
				90E8362C3D47930076A21814 /* Pods-PTTests.release.xcconfig */,
				176CB4C084E8F3B3AEDCFB9E /* Pods-PTUITests.debug.xcconfig */,
				A58E785A9CC79FAFF2B43589 /* Pods-PTUITests.release.xcconfig */,
			);
			name = Pods;
			sourceTree = "<group>";
		};
		EA475B411F32245D00EC7BE7 = {
			isa = PBXGroup;
			children = (
				EA475B4C1F32245E00EC7BE7 /* PT */,
				EA475B611F32245E00EC7BE7 /* PTTests */,
				EA475B6C1F32245E00EC7BE7 /* PTUITests */,
				EA475B4B1F32245E00EC7BE7 /* Products */,
				66D7F11919CFD6272DE985C3 /* Pods */,
				086290B36C78D30DBB626401 /* Frameworks */,
			);
			sourceTree = "<group>";
		};
		EA475B4B1F32245E00EC7BE7 /* Products */ = {
			isa = PBXGroup;
			children = (
				EA475B4A1F32245E00EC7BE7 /* PT.app */,
				EA475B5E1F32245E00EC7BE7 /* PTTests.xctest */,
				EA475B691F32245E00EC7BE7 /* PTUITests.xctest */,
			);
			name = Products;
			sourceTree = "<group>";
		};
		EA475B4C1F32245E00EC7BE7 /* PT */ = {
			isa = PBXGroup;
			children = (
				EA475B4D1F32245E00EC7BE7 /* AppDelegate.swift */,
				EA475B4F1F32245E00EC7BE7 /* ViewController.swift */,
				EA475B511F32245E00EC7BE7 /* Main.storyboard */,
				EA475B541F32245E00EC7BE7 /* Assets.xcassets */,
				EA475B561F32245E00EC7BE7 /* LaunchScreen.storyboard */,
				EA475B591F32245E00EC7BE7 /* Info.plist */,
				1F1B7E5133EFC2AC29747C96 /* Presentation */,
				1F1B7DC9B5CB52D73CF41ED8 /* Data */,
				1F1B7FF73D3004EF5EB1D612 /* Category */,
				1F1B70F39F7EA65C9091758B /* Resources */,
			);
			path = PT;
			sourceTree = "<group>";
		};
		EA475B611F32245E00EC7BE7 /* PTTests */ = {
			isa = PBXGroup;
			children = (
				EA475B621F32245E00EC7BE7 /* PTTests.swift */,
				EA475B641F32245E00EC7BE7 /* Info.plist */,
			);
			path = PTTests;
			sourceTree = "<group>";
		};
		EA475B6C1F32245E00EC7BE7 /* PTUITests */ = {
			isa = PBXGroup;
			children = (
				EA475B6D1F32245E00EC7BE7 /* PTUITests.swift */,
				EA475B6F1F32245E00EC7BE7 /* Info.plist */,
			);
			path = PTUITests;
			sourceTree = "<group>";
		};
/* End PBXGroup section */

/* Begin PBXNativeTarget section */
		EA475B491F32245E00EC7BE7 /* PT */ = {
			isa = PBXNativeTarget;
			buildConfigurationList = EA475B721F32245E00EC7BE7 /* Build configuration list for PBXNativeTarget "PT" */;
			buildPhases = (
				DA608D41D2593B12715D0F7E /* [CP] Check Pods Manifest.lock */,
				EA475B461F32245E00EC7BE7 /* Sources */,
				EA475B471F32245E00EC7BE7 /* Frameworks */,
				EA475B481F32245E00EC7BE7 /* Resources */,
				B260FE37EA73A3E654A48652 /* [CP] Embed Pods Frameworks */,
				893DB8D90702D0955BA8C66A /* [CP] Copy Pods Resources */,
			);
			buildRules = (
			);
			dependencies = (
			);
			name = PT;
			productName = PT;
			productReference = EA475B4A1F32245E00EC7BE7 /* PT.app */;
			productType = "com.apple.product-type.application";
		};
		EA475B5D1F32245E00EC7BE7 /* PTTests */ = {
			isa = PBXNativeTarget;
			buildConfigurationList = EA475B751F32245E00EC7BE7 /* Build configuration list for PBXNativeTarget "PTTests" */;
			buildPhases = (
				6F8D9BFE464632A90ED7675C /* [CP] Check Pods Manifest.lock */,
				EA475B5A1F32245E00EC7BE7 /* Sources */,
				EA475B5B1F32245E00EC7BE7 /* Frameworks */,
				EA475B5C1F32245E00EC7BE7 /* Resources */,
				085C0728001D33D12B2AC17F /* [CP] Embed Pods Frameworks */,
				03BB2A22C0BC2E2801E44E62 /* [CP] Copy Pods Resources */,
			);
			buildRules = (
			);
			dependencies = (
				EA475B601F32245E00EC7BE7 /* PBXTargetDependency */,
			);
			name = PTTests;
			productName = PTTests;
			productReference = EA475B5E1F32245E00EC7BE7 /* PTTests.xctest */;
			productType = "com.apple.product-type.bundle.unit-test";
		};
		EA475B681F32245E00EC7BE7 /* PTUITests */ = {
			isa = PBXNativeTarget;
			buildConfigurationList = EA475B781F32245E00EC7BE7 /* Build configuration list for PBXNativeTarget "PTUITests" */;
			buildPhases = (
				51336E955ACE4BCB62938A4A /* [CP] Check Pods Manifest.lock */,
				EA475B651F32245E00EC7BE7 /* Sources */,
				EA475B661F32245E00EC7BE7 /* Frameworks */,
				EA475B671F32245E00EC7BE7 /* Resources */,
				34CD9D1A4C86E4610259FF7C /* [CP] Embed Pods Frameworks */,
				21C9CAEB90091F7B85618D43 /* [CP] Copy Pods Resources */,
			);
			buildRules = (
			);
			dependencies = (
				EA475B6B1F32245E00EC7BE7 /* PBXTargetDependency */,
			);
			name = PTUITests;
			productName = PTUITests;
			productReference = EA475B691F32245E00EC7BE7 /* PTUITests.xctest */;
			productType = "com.apple.product-type.bundle.ui-testing";
		};
/* End PBXNativeTarget section */

/* Begin PBXProject section */
		EA475B421F32245D00EC7BE7 /* Project object */ = {
			isa = PBXProject;
			attributes = {
				LastSwiftUpdateCheck = 0730;
				LastUpgradeCheck = 0730;
				ORGANIZATIONNAME = Etech;
				TargetAttributes = {
					EA475B491F32245E00EC7BE7 = {
						CreatedOnToolsVersion = 7.3.1;
					};
					EA475B5D1F32245E00EC7BE7 = {
						CreatedOnToolsVersion = 7.3.1;
						TestTargetID = EA475B491F32245E00EC7BE7;
					};
					EA475B681F32245E00EC7BE7 = {
						CreatedOnToolsVersion = 7.3.1;
						TestTargetID = EA475B491F32245E00EC7BE7;
					};
				};
			};
			buildConfigurationList = EA475B451F32245D00EC7BE7 /* Build configuration list for PBXProject "PT" */;
			compatibilityVersion = "Xcode 3.2";
			developmentRegion = English;
			hasScannedForEncodings = 0;
			knownRegions = (
				en,
				Base,
			);
			mainGroup = EA475B411F32245D00EC7BE7;
			productRefGroup = EA475B4B1F32245E00EC7BE7 /* Products */;
			projectDirPath = "";
			projectRoot = "";
			targets = (
				EA475B491F32245E00EC7BE7 /* PT */,
				EA475B5D1F32245E00EC7BE7 /* PTTests */,
				EA475B681F32245E00EC7BE7 /* PTUITests */,
			);
		};
/* End PBXProject section */

/* Begin PBXResourcesBuildPhase section */
		EA475B481F32245E00EC7BE7 /* Resources */ = {
			isa = PBXResourcesBuildPhase;
			buildActionMask = 2147483647;
			files = (
				EA171A901F34BB4600D60B0C /* img.jpg in Resources */,
				EA475B581F32245E00EC7BE7 /* LaunchScreen.storyboard in Resources */,
				EA475B551F32245E00EC7BE7 /* Assets.xcassets in Resources */,
				EA475B531F32245E00EC7BE7 /* Main.storyboard in Resources */,
				EA2962121F33438A00342560 /* ElementView.xib in Resources */,
				EA171A881F33B2B000D60B0C /* MarkView.xib in Resources */,
				EA171A8A1F348D6900D60B0C /* ElementDetailView.xib in Resources */,
				1F1B7C75775A27FF1E5076E9 /* elements.json in Resources */,
				1F1B7C2558CF3687B26785BB /* data.json in Resources */,
			);
			runOnlyForDeploymentPostprocessing = 0;
		};
		EA475B5C1F32245E00EC7BE7 /* Resources */ = {
			isa = PBXResourcesBuildPhase;
			buildActionMask = 2147483647;
			files = (
			);
			runOnlyForDeploymentPostprocessing = 0;
		};
		EA475B671F32245E00EC7BE7 /* Resources */ = {
			isa = PBXResourcesBuildPhase;
			buildActionMask = 2147483647;
			files = (
			);
			runOnlyForDeploymentPostprocessing = 0;
		};
/* End PBXResourcesBuildPhase section */

/* Begin PBXShellScriptBuildPhase section */
		03BB2A22C0BC2E2801E44E62 /* [CP] Copy Pods Resources */ = {
			isa = PBXShellScriptBuildPhase;
			buildActionMask = 2147483647;
			files = (
			);
			inputPaths = (
			);
			name = "[CP] Copy Pods Resources";
			outputPaths = (
			);
			runOnlyForDeploymentPostprocessing = 0;
			shellPath = /bin/sh;
			shellScript = "\"${SRCROOT}/Pods/Target Support Files/Pods-PTTests/Pods-PTTests-resources.sh\"\n";
			showEnvVarsInLog = 0;
		};
		085C0728001D33D12B2AC17F /* [CP] Embed Pods Frameworks */ = {
			isa = PBXShellScriptBuildPhase;
			buildActionMask = 2147483647;
			files = (
			);
			inputPaths = (
			);
			name = "[CP] Embed Pods Frameworks";
			outputPaths = (
			);
			runOnlyForDeploymentPostprocessing = 0;
			shellPath = /bin/sh;
			shellScript = "\"${SRCROOT}/Pods/Target Support Files/Pods-PTTests/Pods-PTTests-frameworks.sh\"\n";
			showEnvVarsInLog = 0;
		};
		21C9CAEB90091F7B85618D43 /* [CP] Copy Pods Resources */ = {
			isa = PBXShellScriptBuildPhase;
			buildActionMask = 2147483647;
			files = (
			);
			inputPaths = (
			);
			name = "[CP] Copy Pods Resources";
			outputPaths = (
			);
			runOnlyForDeploymentPostprocessing = 0;
			shellPath = /bin/sh;
			shellScript = "\"${SRCROOT}/Pods/Target Support Files/Pods-PTUITests/Pods-PTUITests-resources.sh\"\n";
			showEnvVarsInLog = 0;
		};
		34CD9D1A4C86E4610259FF7C /* [CP] Embed Pods Frameworks */ = {
			isa = PBXShellScriptBuildPhase;
			buildActionMask = 2147483647;
			files = (
			);
			inputPaths = (
			);
			name = "[CP] Embed Pods Frameworks";
			outputPaths = (
			);
			runOnlyForDeploymentPostprocessing = 0;
			shellPath = /bin/sh;
			shellScript = "\"${SRCROOT}/Pods/Target Support Files/Pods-PTUITests/Pods-PTUITests-frameworks.sh\"\n";
			showEnvVarsInLog = 0;
		};
		51336E955ACE4BCB62938A4A /* [CP] Check Pods Manifest.lock */ = {
			isa = PBXShellScriptBuildPhase;
			buildActionMask = 2147483647;
			files = (
			);
			inputPaths = (
			);
			name = "[CP] Check Pods Manifest.lock";
			outputPaths = (
			);
			runOnlyForDeploymentPostprocessing = 0;
			shellPath = /bin/sh;
			shellScript = "diff \"${PODS_PODFILE_DIR_PATH}/Podfile.lock\" \"${PODS_ROOT}/Manifest.lock\" > /dev/null\nif [ $? != 0 ] ; then\n    # print error to STDERR\n    echo \"error: The sandbox is not in sync with the Podfile.lock. Run 'pod install' or update your CocoaPods installation.\" >&2\n    exit 1\nfi\n";
			showEnvVarsInLog = 0;
		};
		6F8D9BFE464632A90ED7675C /* [CP] Check Pods Manifest.lock */ = {
			isa = PBXShellScriptBuildPhase;
			buildActionMask = 2147483647;
			files = (
			);
			inputPaths = (
			);
			name = "[CP] Check Pods Manifest.lock";
			outputPaths = (
			);
			runOnlyForDeploymentPostprocessing = 0;
			shellPath = /bin/sh;
			shellScript = "diff \"${PODS_PODFILE_DIR_PATH}/Podfile.lock\" \"${PODS_ROOT}/Manifest.lock\" > /dev/null\nif [ $? != 0 ] ; then\n    # print error to STDERR\n    echo \"error: The sandbox is not in sync with the Podfile.lock. Run 'pod install' or update your CocoaPods installation.\" >&2\n    exit 1\nfi\n";
			showEnvVarsInLog = 0;
		};
		893DB8D90702D0955BA8C66A /* [CP] Copy Pods Resources */ = {
			isa = PBXShellScriptBuildPhase;
			buildActionMask = 2147483647;
			files = (
			);
			inputPaths = (
			);
			name = "[CP] Copy Pods Resources";
			outputPaths = (
			);
			runOnlyForDeploymentPostprocessing = 0;
			shellPath = /bin/sh;
			shellScript = "\"${SRCROOT}/Pods/Target Support Files/Pods-PT/Pods-PT-resources.sh\"\n";
			showEnvVarsInLog = 0;
		};
		B260FE37EA73A3E654A48652 /* [CP] Embed Pods Frameworks */ = {
			isa = PBXShellScriptBuildPhase;
			buildActionMask = 2147483647;
			files = (
			);
			inputPaths = (
			);
			name = "[CP] Embed Pods Frameworks";
			outputPaths = (
			);
			runOnlyForDeploymentPostprocessing = 0;
			shellPath = /bin/sh;
			shellScript = "\"${SRCROOT}/Pods/Target Support Files/Pods-PT/Pods-PT-frameworks.sh\"\n";
			showEnvVarsInLog = 0;
		};
		DA608D41D2593B12715D0F7E /* [CP] Check Pods Manifest.lock */ = {
			isa = PBXShellScriptBuildPhase;
			buildActionMask = 2147483647;
			files = (
			);
			inputPaths = (
			);
			name = "[CP] Check Pods Manifest.lock";
			outputPaths = (
			);
			runOnlyForDeploymentPostprocessing = 0;
			shellPath = /bin/sh;
			shellScript = "diff \"${PODS_PODFILE_DIR_PATH}/Podfile.lock\" \"${PODS_ROOT}/Manifest.lock\" > /dev/null\nif [ $? != 0 ] ; then\n    # print error to STDERR\n    echo \"error: The sandbox is not in sync with the Podfile.lock. Run 'pod install' or update your CocoaPods installation.\" >&2\n    exit 1\nfi\n";
			showEnvVarsInLog = 0;
		};
/* End PBXShellScriptBuildPhase section */

/* Begin PBXSourcesBuildPhase section */
		EA475B461F32245E00EC7BE7 /* Sources */ = {
			isa = PBXSourcesBuildPhase;
			buildActionMask = 2147483647;
			files = (
				EA475B501F32245E00EC7BE7 /* ViewController.swift in Sources */,
				EA475B4E1F32245E00EC7BE7 /* AppDelegate.swift in Sources */,
				EA171A8E1F34AD5E00D60B0C /* ReuseableXibView.swift in Sources */,
				1F1B786A6CBDCE1593F3FEEA /* ElementItemCell.swift in Sources */,
				1F1B7728B7550CE6B22A8E22 /* ElementItem.swift in Sources */,
				1F1B7C446C6676948A86E2A0 /* PeriodicFlowLayout.swift in Sources */,
				1F1B781F4942E3202B9A7791 /* MainViewController.swift in Sources */,
				EA2962141F33439700342560 /* ElementView.swift in Sources */,
				1F1B7C77933B69289A77047E /* Color.swift in Sources */,
				EA171A8C1F348D7500D60B0C /* ElementDetailView.swift in Sources */,
				EA171A861F33B29E00D60B0C /* MarkView.swift in Sources */,
				1F1B7F8E551857707AF2C474 /* ElementViewCotroller.swift in Sources */,
				1F1B763F0A1EFFE36A64BFA2 /* GenericViewController.swift in Sources */,
			);
			runOnlyForDeploymentPostprocessing = 0;
		};
		EA475B5A1F32245E00EC7BE7 /* Sources */ = {
			isa = PBXSourcesBuildPhase;
			buildActionMask = 2147483647;
			files = (
				EA475B631F32245E00EC7BE7 /* PTTests.swift in Sources */,
			);
			runOnlyForDeploymentPostprocessing = 0;
		};
		EA475B651F32245E00EC7BE7 /* Sources */ = {
			isa = PBXSourcesBuildPhase;
			buildActionMask = 2147483647;
			files = (
				EA475B6E1F32245E00EC7BE7 /* PTUITests.swift in Sources */,
			);
			runOnlyForDeploymentPostprocessing = 0;
		};
/* End PBXSourcesBuildPhase section */

/* Begin PBXTargetDependency section */
		EA475B601F32245E00EC7BE7 /* PBXTargetDependency */ = {
			isa = PBXTargetDependency;
			target = EA475B491F32245E00EC7BE7 /* PT */;
			targetProxy = EA475B5F1F32245E00EC7BE7 /* PBXContainerItemProxy */;
		};
		EA475B6B1F32245E00EC7BE7 /* PBXTargetDependency */ = {
			isa = PBXTargetDependency;
			target = EA475B491F32245E00EC7BE7 /* PT */;
			targetProxy = EA475B6A1F32245E00EC7BE7 /* PBXContainerItemProxy */;
		};
/* End PBXTargetDependency section */

/* Begin PBXVariantGroup section */
		EA475B511F32245E00EC7BE7 /* Main.storyboard */ = {
			isa = PBXVariantGroup;
			children = (
				EA475B521F32245E00EC7BE7 /* Base */,
			);
			name = Main.storyboard;
			sourceTree = "<group>";
		};
		EA475B561F32245E00EC7BE7 /* LaunchScreen.storyboard */ = {
			isa = PBXVariantGroup;
			children = (
				EA475B571F32245E00EC7BE7 /* Base */,
			);
			name = LaunchScreen.storyboard;
			sourceTree = "<group>";
		};
/* End PBXVariantGroup section */

/* Begin XCBuildConfiguration section */
		EA475B701F32245E00EC7BE7 /* Debug */ = {
			isa = XCBuildConfiguration;
			buildSettings = {
				ALWAYS_SEARCH_USER_PATHS = NO;
				CLANG_ANALYZER_NONNULL = YES;
				CLANG_CXX_LANGUAGE_STANDARD = "gnu++0x";
				CLANG_CXX_LIBRARY = "libc++";
				CLANG_ENABLE_MODULES = YES;
				CLANG_ENABLE_OBJC_ARC = YES;
				CLANG_WARN_BOOL_CONVERSION = YES;
				CLANG_WARN_CONSTANT_CONVERSION = YES;
				CLANG_WARN_DIRECT_OBJC_ISA_USAGE = YES_ERROR;
				CLANG_WARN_EMPTY_BODY = YES;
				CLANG_WARN_ENUM_CONVERSION = YES;
				CLANG_WARN_INT_CONVERSION = YES;
				CLANG_WARN_OBJC_ROOT_CLASS = YES_ERROR;
				CLANG_WARN_UNREACHABLE_CODE = YES;
				CLANG_WARN__DUPLICATE_METHOD_MATCH = YES;
				"CODE_SIGN_IDENTITY[sdk=iphoneos*]" = "iPhone Developer";
				COPY_PHASE_STRIP = NO;
				DEBUG_INFORMATION_FORMAT = dwarf;
				ENABLE_STRICT_OBJC_MSGSEND = YES;
				ENABLE_TESTABILITY = YES;
				GCC_C_LANGUAGE_STANDARD = gnu99;
				GCC_DYNAMIC_NO_PIC = NO;
				GCC_NO_COMMON_BLOCKS = YES;
				GCC_OPTIMIZATION_LEVEL = 0;
				GCC_PREPROCESSOR_DEFINITIONS = (
					"DEBUG=1",
					"$(inherited)",
				);
				GCC_WARN_64_TO_32_BIT_CONVERSION = YES;
				GCC_WARN_ABOUT_RETURN_TYPE = YES_ERROR;
				GCC_WARN_UNDECLARED_SELECTOR = YES;
				GCC_WARN_UNINITIALIZED_AUTOS = YES_AGGRESSIVE;
				GCC_WARN_UNUSED_FUNCTION = YES;
				GCC_WARN_UNUSED_VARIABLE = YES;
				IPHONEOS_DEPLOYMENT_TARGET = 9.3;
				MTL_ENABLE_DEBUG_INFO = YES;
				ONLY_ACTIVE_ARCH = YES;
				SDKROOT = iphoneos;
				SWIFT_OPTIMIZATION_LEVEL = "-Onone";
				TARGETED_DEVICE_FAMILY = "1,2";
			};
			name = Debug;
		};
		EA475B711F32245E00EC7BE7 /* Release */ = {
			isa = XCBuildConfiguration;
			buildSettings = {
				ALWAYS_SEARCH_USER_PATHS = NO;
				CLANG_ANALYZER_NONNULL = YES;
				CLANG_CXX_LANGUAGE_STANDARD = "gnu++0x";
				CLANG_CXX_LIBRARY = "libc++";
				CLANG_ENABLE_MODULES = YES;
				CLANG_ENABLE_OBJC_ARC = YES;
				CLANG_WARN_BOOL_CONVERSION = YES;
				CLANG_WARN_CONSTANT_CONVERSION = YES;
				CLANG_WARN_DIRECT_OBJC_ISA_USAGE = YES_ERROR;
				CLANG_WARN_EMPTY_BODY = YES;
				CLANG_WARN_ENUM_CONVERSION = YES;
				CLANG_WARN_INT_CONVERSION = YES;
				CLANG_WARN_OBJC_ROOT_CLASS = YES_ERROR;
				CLANG_WARN_UNREACHABLE_CODE = YES;
				CLANG_WARN__DUPLICATE_METHOD_MATCH = YES;
				"CODE_SIGN_IDENTITY[sdk=iphoneos*]" = "iPhone Developer";
				COPY_PHASE_STRIP = NO;
				DEBUG_INFORMATION_FORMAT = "dwarf-with-dsym";
				ENABLE_NS_ASSERTIONS = NO;
				ENABLE_STRICT_OBJC_MSGSEND = YES;
				GCC_C_LANGUAGE_STANDARD = gnu99;
				GCC_NO_COMMON_BLOCKS = YES;
				GCC_WARN_64_TO_32_BIT_CONVERSION = YES;
				GCC_WARN_ABOUT_RETURN_TYPE = YES_ERROR;
				GCC_WARN_UNDECLARED_SELECTOR = YES;
				GCC_WARN_UNINITIALIZED_AUTOS = YES_AGGRESSIVE;
				GCC_WARN_UNUSED_FUNCTION = YES;
				GCC_WARN_UNUSED_VARIABLE = YES;
				IPHONEOS_DEPLOYMENT_TARGET = 9.3;
				MTL_ENABLE_DEBUG_INFO = NO;
				SDKROOT = iphoneos;
				TARGETED_DEVICE_FAMILY = "1,2";
				VALIDATE_PRODUCT = YES;
			};
			name = Release;
		};
		EA475B731F32245E00EC7BE7 /* Debug */ = {
			isa = XCBuildConfiguration;
			baseConfigurationReference = DC7AF68BF6FF2EE2973F0ACF /* Pods-PT.debug.xcconfig */;
			buildSettings = {
				ASSETCATALOG_COMPILER_APPICON_NAME = AppIcon;
				INFOPLIST_FILE = PT/Info.plist;
				IPHONEOS_DEPLOYMENT_TARGET = 9.0;
				LD_RUNPATH_SEARCH_PATHS = "$(inherited) @executable_path/Frameworks";
				PRODUCT_BUNDLE_IDENTIFIER = com.arkeup.PT;
				PRODUCT_NAME = "$(TARGET_NAME)";
			};
			name = Debug;
		};
		EA475B741F32245E00EC7BE7 /* Release */ = {
			isa = XCBuildConfiguration;
			baseConfigurationReference = 347FD4E086EFAAB645DF20B3 /* Pods-PT.release.xcconfig */;
			buildSettings = {
				ASSETCATALOG_COMPILER_APPICON_NAME = AppIcon;
				INFOPLIST_FILE = PT/Info.plist;
				IPHONEOS_DEPLOYMENT_TARGET = 9.0;
				LD_RUNPATH_SEARCH_PATHS = "$(inherited) @executable_path/Frameworks";
				PRODUCT_BUNDLE_IDENTIFIER = com.arkeup.PT;
				PRODUCT_NAME = "$(TARGET_NAME)";
			};
			name = Release;
		};
		EA475B761F32245E00EC7BE7 /* Debug */ = {
			isa = XCBuildConfiguration;
			baseConfigurationReference = 6B12A95E99F8F285B34D8B0C /* Pods-PTTests.debug.xcconfig */;
			buildSettings = {
				BUNDLE_LOADER = "$(TEST_HOST)";
				INFOPLIST_FILE = PTTests/Info.plist;
				LD_RUNPATH_SEARCH_PATHS = "$(inherited) @executable_path/Frameworks @loader_path/Frameworks";
				PRODUCT_BUNDLE_IDENTIFIER = com.arkeup.PTTests;
				PRODUCT_NAME = "$(TARGET_NAME)";
				TEST_HOST = "$(BUILT_PRODUCTS_DIR)/PT.app/PT";
			};
			name = Debug;
		};
		EA475B771F32245E00EC7BE7 /* Release */ = {
			isa = XCBuildConfiguration;
			baseConfigurationReference = 90E8362C3D47930076A21814 /* Pods-PTTests.release.xcconfig */;
			buildSettings = {
				BUNDLE_LOADER = "$(TEST_HOST)";
				INFOPLIST_FILE = PTTests/Info.plist;
				LD_RUNPATH_SEARCH_PATHS = "$(inherited) @executable_path/Frameworks @loader_path/Frameworks";
				PRODUCT_BUNDLE_IDENTIFIER = com.arkeup.PTTests;
				PRODUCT_NAME = "$(TARGET_NAME)";
				TEST_HOST = "$(BUILT_PRODUCTS_DIR)/PT.app/PT";
			};
			name = Release;
		};
		EA475B791F32245E00EC7BE7 /* Debug */ = {
			isa = XCBuildConfiguration;
			baseConfigurationReference = 176CB4C084E8F3B3AEDCFB9E /* Pods-PTUITests.debug.xcconfig */;
			buildSettings = {
				INFOPLIST_FILE = PTUITests/Info.plist;
				LD_RUNPATH_SEARCH_PATHS = "$(inherited) @executable_path/Frameworks @loader_path/Frameworks";
				PRODUCT_BUNDLE_IDENTIFIER = com.arkeup.PTUITests;
				PRODUCT_NAME = "$(TARGET_NAME)";
				TEST_TARGET_NAME = PT;
			};
			name = Debug;
		};
		EA475B7A1F32245E00EC7BE7 /* Release */ = {
			isa = XCBuildConfiguration;
			baseConfigurationReference = A58E785A9CC79FAFF2B43589 /* Pods-PTUITests.release.xcconfig */;
			buildSettings = {
				INFOPLIST_FILE = PTUITests/Info.plist;
				LD_RUNPATH_SEARCH_PATHS = "$(inherited) @executable_path/Frameworks @loader_path/Frameworks";
				PRODUCT_BUNDLE_IDENTIFIER = com.arkeup.PTUITests;
				PRODUCT_NAME = "$(TARGET_NAME)";
				TEST_TARGET_NAME = PT;
			};
			name = Release;
		};
/* End XCBuildConfiguration section */

/* Begin XCConfigurationList section */
		EA475B451F32245D00EC7BE7 /* Build configuration list for PBXProject "PT" */ = {
			isa = XCConfigurationList;
			buildConfigurations = (
				EA475B701F32245E00EC7BE7 /* Debug */,
				EA475B711F32245E00EC7BE7 /* Release */,
			);
			defaultConfigurationIsVisible = 0;
			defaultConfigurationName = Release;
		};
		EA475B721F32245E00EC7BE7 /* Build configuration list for PBXNativeTarget "PT" */ = {
			isa = XCConfigurationList;
			buildConfigurations = (
				EA475B731F32245E00EC7BE7 /* Debug */,
				EA475B741F32245E00EC7BE7 /* Release */,
			);
			defaultConfigurationIsVisible = 0;
			defaultConfigurationName = Release;
		};
		EA475B751F32245E00EC7BE7 /* Build configuration list for PBXNativeTarget "PTTests" */ = {
			isa = XCConfigurationList;
			buildConfigurations = (
				EA475B761F32245E00EC7BE7 /* Debug */,
				EA475B771F32245E00EC7BE7 /* Release */,
			);
			defaultConfigurationIsVisible = 0;
			defaultConfigurationName = Release;
		};
		EA475B781F32245E00EC7BE7 /* Build configuration list for PBXNativeTarget "PTUITests" */ = {
			isa = XCConfigurationList;
			buildConfigurations = (
				EA475B791F32245E00EC7BE7 /* Debug */,
				EA475B7A1F32245E00EC7BE7 /* Release */,
			);
			defaultConfigurationIsVisible = 0;
			defaultConfigurationName = Release;
		};
/* End XCConfigurationList section */
	};
	rootObject = EA475B421F32245D00EC7BE7 /* Project object */;
}
